
Microsoft Visual Studio Solution File, Format Version 12.00
# Visual Studio Version 17
VisualStudioVersion = 17.4.33213.308
MinimumVisualStudioVersion = 10.0.40219.1
Project("{F184B08F-C81C-45F6-A57F-5ABD9991F28F}") = "Proyecto", "Proyecto\Proyecto.vbproj", "{0D7AF14F-6031-40B5-B815-8B9C7F4EC88B}"
EndProject
Global
	GlobalSection(SolutionConfigurationPlatforms) = preSolution
		Debug|Any CPU = Debug|Any CPU
		Release|Any CPU = Release|Any CPU
	EndGlobalSection
	GlobalSection(ProjectConfigurationPlatforms) = postSolution
		{0D7AF14F-6031-40B5-B815-8B9C7F4EC88B}.Debug|Any CPU.ActiveCfg = Debug|Any CPU
		{0D7AF14F-6031-40B5-B815-8B9C7F4EC88B}.Debug|Any CPU.Build.0 = Debug|Any CPU
		{0D7AF14F-6031-40B5-B815-8B9C7F4EC88B}.Release|Any CPU.ActiveCfg = Release|Any CPU
		{0D7AF14F-6031-40B5-B815-8B9C7F4EC88B}.Release|Any CPU.Build.0 = Release|Any CPU
	EndGlobalSection
	GlobalSection(SolutionProperties) = preSolution
		HideSolutionNode = FALSE
	EndGlobalSection
	GlobalSection(ExtensibilityGlobals) = postSolution
		SolutionGuid = {391AA6E1-86A6-4228-AD09-6D20FC035A24}
	EndGlobalSection
EndGlobal
